{"filter":false,"title":"Gemfile.lock","tooltip":"/hello_app/Gemfile.lock","undoManager":{"mark":-1,"position":-1,"stack":[]},"ace":{"folds":[],"scrolltop":2923.5,"scrollleft":0,"selection":{"start":{"row":190,"column":12},"end":{"row":190,"column":12},"isBackwards":false},"options":{"guessTabSize":true,"useWrapMode":false,"wrapToView":true},"firstLineState":{"row":181,"state":"start","mode":"ace/mode/text"}},"timestamp":1573050367968,"hash":"6ef361e7602e0c3d53a903ad5ab3ac27469e4628"}